
Microsoft Visual Studio Solution File, Format Version 12.00
# Visual Studio Version 16
VisualStudioVersion = 16.0.29102.190
MinimumVisualStudioVersion = 10.0.40219.1
Project("{FAE04EC0-301F-11D3-BF4B-00C04F79EFBC}") = "CadastroClienteAcademiaCsharp", "CadastroClienteAcademiaCsharp\CadastroClienteAcademiaCsharp.csproj", "{00EF7E35-5C6D-438D-856D-BC930B8AEECB}"
EndProject
Project("{FAE04EC0-301F-11D3-BF4B-00C04F79EFBC}") = "EntityFrameworkTest1", "EntityFrameworkTest1\EntityFrameworkTest1.csproj", "{F2DD9053-92FC-4455-A820-D48066F86222}"
EndProject
Global
	GlobalSection(SolutionConfigurationPlatforms) = preSolution
		Debug|Any CPU = Debug|Any CPU
		Release|Any CPU = Release|Any CPU
	EndGlobalSection
	GlobalSection(ProjectConfigurationPlatforms) = postSolution
		{00EF7E35-5C6D-438D-856D-BC930B8AEECB}.Debug|Any CPU.ActiveCfg = Debug|Any CPU
		{00EF7E35-5C6D-438D-856D-BC930B8AEECB}.Debug|Any CPU.Build.0 = Debug|Any CPU
		{00EF7E35-5C6D-438D-856D-BC930B8AEECB}.Release|Any CPU.ActiveCfg = Release|Any CPU
		{00EF7E35-5C6D-438D-856D-BC930B8AEECB}.Release|Any CPU.Build.0 = Release|Any CPU
		{F2DD9053-92FC-4455-A820-D48066F86222}.Debug|Any CPU.ActiveCfg = Debug|Any CPU
		{F2DD9053-92FC-4455-A820-D48066F86222}.Debug|Any CPU.Build.0 = Debug|Any CPU
		{F2DD9053-92FC-4455-A820-D48066F86222}.Release|Any CPU.ActiveCfg = Release|Any CPU
		{F2DD9053-92FC-4455-A820-D48066F86222}.Release|Any CPU.Build.0 = Release|Any CPU
	EndGlobalSection
	GlobalSection(SolutionProperties) = preSolution
		HideSolutionNode = FALSE
	EndGlobalSection
	GlobalSection(ExtensibilityGlobals) = postSolution
		SolutionGuid = {6D15B050-6392-4D6C-AB59-8CB50130E4B3}
	EndGlobalSection
EndGlobal
